
Microsoft Visual Studio Solution File, Format Version 12.00
# Visual Studio Version 17
VisualStudioVersion = 17.4.33213.308
MinimumVisualStudioVersion = 10.0.40219.1
Project("{FAE04EC0-301F-11D3-BF4B-00C04F79EFBC}") = "ATM", "ATM\ATM.csproj", "{F97721A8-3A64-402D-91DA-3FF04E0476D0}"
EndProject
Global
	GlobalSection(SolutionConfigurationPlatforms) = preSolution
		Debug|Any CPU = Debug|Any CPU
		Release|Any CPU = Release|Any CPU
	EndGlobalSection
	GlobalSection(ProjectConfigurationPlatforms) = postSolution
		{F97721A8-3A64-402D-91DA-3FF04E0476D0}.Debug|Any CPU.ActiveCfg = Debug|Any CPU
		{F97721A8-3A64-402D-91DA-3FF04E0476D0}.Debug|Any CPU.Build.0 = Debug|Any CPU
		{F97721A8-3A64-402D-91DA-3FF04E0476D0}.Release|Any CPU.ActiveCfg = Release|Any CPU
		{F97721A8-3A64-402D-91DA-3FF04E0476D0}.Release|Any CPU.Build.0 = Release|Any CPU
	EndGlobalSection
	GlobalSection(SolutionProperties) = preSolution
		HideSolutionNode = FALSE
	EndGlobalSection
	GlobalSection(ExtensibilityGlobals) = postSolution
		SolutionGuid = {073BFFB9-E76D-465E-821F-AD565E320EA3}
	EndGlobalSection
EndGlobal
